// !$*UTF8*$!
{
	archiveVersion = 1;
	classes = {
	};
	objectVersion = 46;
	objects = {

/* Begin PBXBuildFile section */
		875047901AA613A500BDC50A /* Model01.json in Resources */ = {isa = PBXBuildFile; fileRef = 8750478F1AA613A500BDC50A /* Model01.json */; };
		875047921AA617E700BDC50A /* Dict2Model.swift in Sources */ = {isa = PBXBuildFile; fileRef = 875047911AA617E700BDC50A /* Dict2Model.swift */; };
		877C5DE21AA5D03A002C3A09 /* AppDelegate.swift in Sources */ = {isa = PBXBuildFile; fileRef = 877C5DE11AA5D03A002C3A09 /* AppDelegate.swift */; };
		877C5DE41AA5D03A002C3A09 /* ViewController.swift in Sources */ = {isa = PBXBuildFile; fileRef = 877C5DE31AA5D03A002C3A09 /* ViewController.swift */; };
		877C5DE71AA5D03A002C3A09 /* Main.storyboard in Resources */ = {isa = PBXBuildFile; fileRef = 877C5DE51AA5D03A002C3A09 /* Main.storyboard */; };
		877C5DE91AA5D03A002C3A09 /* Images.xcassets in Resources */ = {isa = PBXBuildFile; fileRef = 877C5DE81AA5D03A002C3A09 /* Images.xcassets */; };
		877C5DEC1AA5D03A002C3A09 /* LaunchScreen.xib in Resources */ = {isa = PBXBuildFile; fileRef = 877C5DEA1AA5D03A002C3A09 /* LaunchScreen.xib */; };
		877C5DF81AA5D03A002C3A09 /* _____01Tests.swift in Sources */ = {isa = PBXBuildFile; fileRef = 877C5DF71AA5D03A002C3A09 /* _____01Tests.swift */; };
		877C5E021AA5D050002C3A09 /* Model.swift in Sources */ = {isa = PBXBuildFile; fileRef = 877C5E011AA5D050002C3A09 /* Model.swift */; };
/* End PBXBuildFile section */

/* Begin PBXContainerItemProxy section */
		877C5DF21AA5D03A002C3A09 /* PBXContainerItemProxy */ = {
			isa = PBXContainerItemProxy;
			containerPortal = 877C5DD41AA5D03A002C3A09 /* Project object */;
			proxyType = 1;
			remoteGlobalIDString = 877C5DDB1AA5D03A002C3A09;
			remoteInfo = "字典转模型01";
		};
/* End PBXContainerItemProxy section */

/* Begin PBXFileReference section */
		8750478F1AA613A500BDC50A /* Model01.json */ = {isa = PBXFileReference; fileEncoding = 4; lastKnownFileType = text.json; path = Model01.json; sourceTree = "<group>"; };
		875047911AA617E700BDC50A /* Dict2Model.swift */ = {isa = PBXFileReference; fileEncoding = 4; lastKnownFileType = sourcecode.swift; path = Dict2Model.swift; sourceTree = "<group>"; };
		877C5DDC1AA5D03A002C3A09 /* 字典转模型01.app */ = {isa = PBXFileReference; explicitFileType = wrapper.application; includeInIndex = 0; path = "字典转模型01.app"; sourceTree = BUILT_PRODUCTS_DIR; };
		877C5DE01AA5D03A002C3A09 /* Info.plist */ = {isa = PBXFileReference; lastKnownFileType = text.plist.xml; path = Info.plist; sourceTree = "<group>"; };
		877C5DE11AA5D03A002C3A09 /* AppDelegate.swift */ = {isa = PBXFileReference; lastKnownFileType = sourcecode.swift; path = AppDelegate.swift; sourceTree = "<group>"; };
		877C5DE31AA5D03A002C3A09 /* ViewController.swift */ = {isa = PBXFileReference; lastKnownFileType = sourcecode.swift; path = ViewController.swift; sourceTree = "<group>"; };
		877C5DE61AA5D03A002C3A09 /* Base */ = {isa = PBXFileReference; lastKnownFileType = file.storyboard; name = Base; path = Base.lproj/Main.storyboard; sourceTree = "<group>"; };
		877C5DE81AA5D03A002C3A09 /* Images.xcassets */ = {isa = PBXFileReference; lastKnownFileType = folder.assetcatalog; path = Images.xcassets; sourceTree = "<group>"; };
		877C5DEB1AA5D03A002C3A09 /* Base */ = {isa = PBXFileReference; lastKnownFileType = file.xib; name = Base; path = Base.lproj/LaunchScreen.xib; sourceTree = "<group>"; };
		877C5DF11AA5D03A002C3A09 /* 字典转模型01Tests.xctest */ = {isa = PBXFileReference; explicitFileType = wrapper.cfbundle; includeInIndex = 0; path = "字典转模型01Tests.xctest"; sourceTree = BUILT_PRODUCTS_DIR; };
		877C5DF61AA5D03A002C3A09 /* Info.plist */ = {isa = PBXFileReference; lastKnownFileType = text.plist.xml; path = Info.plist; sourceTree = "<group>"; };
		877C5DF71AA5D03A002C3A09 /* _____01Tests.swift */ = {isa = PBXFileReference; lastKnownFileType = sourcecode.swift; path = "_____01Tests.swift"; sourceTree = "<group>"; };
		877C5E011AA5D050002C3A09 /* Model.swift */ = {isa = PBXFileReference; fileEncoding = 4; lastKnownFileType = sourcecode.swift; path = Model.swift; sourceTree = "<group>"; };
/* End PBXFileReference section */

/* Begin PBXFrameworksBuildPhase section */
		877C5DD91AA5D03A002C3A09 /* Frameworks */ = {
			isa = PBXFrameworksBuildPhase;
			buildActionMask = 2147483647;
			files = (
			);
			runOnlyForDeploymentPostprocessing = 0;
		};
		877C5DEE1AA5D03A002C3A09 /* Frameworks */ = {
			isa = PBXFrameworksBuildPhase;
			buildActionMask = 2147483647;
			files = (
			);
			runOnlyForDeploymentPostprocessing = 0;
		};
/* End PBXFrameworksBuildPhase section */

/* Begin PBXGroup section */
		8750478E1AA613A500BDC50A /* DataFile */ = {
			isa = PBXGroup;
			children = (
				8750478F1AA613A500BDC50A /* Model01.json */,
			);
			path = DataFile;
			sourceTree = "<group>";
		};
		877C5DD31AA5D03A002C3A09 = {
			isa = PBXGroup;
			children = (
				877C5DDE1AA5D03A002C3A09 /* 字典转模型01 */,
				877C5DF41AA5D03A002C3A09 /* 字典转模型01Tests */,
				877C5DDD1AA5D03A002C3A09 /* Products */,
			);
			sourceTree = "<group>";
		};
		877C5DDD1AA5D03A002C3A09 /* Products */ = {
			isa = PBXGroup;
			children = (
				877C5DDC1AA5D03A002C3A09 /* 字典转模型01.app */,
				877C5DF11AA5D03A002C3A09 /* 字典转模型01Tests.xctest */,
			);
			name = Products;
			sourceTree = "<group>";
		};
		877C5DDE1AA5D03A002C3A09 /* 字典转模型01 */ = {
			isa = PBXGroup;
			children = (
				8750478E1AA613A500BDC50A /* DataFile */,
				877C5DE11AA5D03A002C3A09 /* AppDelegate.swift */,
				877C5E011AA5D050002C3A09 /* Model.swift */,
				877C5DE31AA5D03A002C3A09 /* ViewController.swift */,
				875047911AA617E700BDC50A /* Dict2Model.swift */,
				877C5DE51AA5D03A002C3A09 /* Main.storyboard */,
				877C5DE81AA5D03A002C3A09 /* Images.xcassets */,
				877C5DEA1AA5D03A002C3A09 /* LaunchScreen.xib */,
				877C5DDF1AA5D03A002C3A09 /* Supporting Files */,
			);
			path = "字典转模型01";
			sourceTree = "<group>";
		};
		877C5DDF1AA5D03A002C3A09 /* Supporting Files */ = {
			isa = PBXGroup;
			children = (
				877C5DE01AA5D03A002C3A09 /* Info.plist */,
			);
			name = "Supporting Files";
			sourceTree = "<group>";
		};
		877C5DF41AA5D03A002C3A09 /* 字典转模型01Tests */ = {
			isa = PBXGroup;
			children = (
				877C5DF71AA5D03A002C3A09 /* _____01Tests.swift */,
				877C5DF51AA5D03A002C3A09 /* Supporting Files */,
			);
			path = "字典转模型01Tests";
			sourceTree = "<group>";
		};
		877C5DF51AA5D03A002C3A09 /* Supporting Files */ = {
			isa = PBXGroup;
			children = (
				877C5DF61AA5D03A002C3A09 /* Info.plist */,
			);
			name = "Supporting Files";
			sourceTree = "<group>";
		};
/* End PBXGroup section */

/* Begin PBXNativeTarget section */
		877C5DDB1AA5D03A002C3A09 /* 字典转模型01 */ = {
			isa = PBXNativeTarget;
			buildConfigurationList = 877C5DFB1AA5D03A002C3A09 /* Build configuration list for PBXNativeTarget "字典转模型01" */;
			buildPhases = (
				877C5DD81AA5D03A002C3A09 /* Sources */,
				877C5DD91AA5D03A002C3A09 /* Frameworks */,
				877C5DDA1AA5D03A002C3A09 /* Resources */,
			);
			buildRules = (
			);
			dependencies = (
			);
			name = "字典转模型01";
			productName = "字典转模型01";
			productReference = 877C5DDC1AA5D03A002C3A09 /* 字典转模型01.app */;
			productType = "com.apple.product-type.application";
		};
		877C5DF01AA5D03A002C3A09 /* 字典转模型01Tests */ = {
			isa = PBXNativeTarget;
			buildConfigurationList = 877C5DFE1AA5D03A002C3A09 /* Build configuration list for PBXNativeTarget "字典转模型01Tests" */;
			buildPhases = (
				877C5DED1AA5D03A002C3A09 /* Sources */,
				877C5DEE1AA5D03A002C3A09 /* Frameworks */,
				877C5DEF1AA5D03A002C3A09 /* Resources */,
			);
			buildRules = (
			);
			dependencies = (
				877C5DF31AA5D03A002C3A09 /* PBXTargetDependency */,
			);
			name = "字典转模型01Tests";
			productName = "字典转模型01Tests";
			productReference = 877C5DF11AA5D03A002C3A09 /* 字典转模型01Tests.xctest */;
			productType = "com.apple.product-type.bundle.unit-test";
		};
/* End PBXNativeTarget section */

/* Begin PBXProject section */
		877C5DD41AA5D03A002C3A09 /* Project object */ = {
			isa = PBXProject;
			attributes = {
				LastUpgradeCheck = 0630;
				ORGANIZATIONNAME = haochen;
				TargetAttributes = {
					877C5DDB1AA5D03A002C3A09 = {
						CreatedOnToolsVersion = 6.3;
					};
					877C5DF01AA5D03A002C3A09 = {
						CreatedOnToolsVersion = 6.3;
						TestTargetID = 877C5DDB1AA5D03A002C3A09;
					};
				};
			};
			buildConfigurationList = 877C5DD71AA5D03A002C3A09 /* Build configuration list for PBXProject "字典转模型01" */;
			compatibilityVersion = "Xcode 3.2";
			developmentRegion = English;
			hasScannedForEncodings = 0;
			knownRegions = (
				en,
				Base,
			);
			mainGroup = 877C5DD31AA5D03A002C3A09;
			productRefGroup = 877C5DDD1AA5D03A002C3A09 /* Products */;
			projectDirPath = "";
			projectRoot = "";
			targets = (
				877C5DDB1AA5D03A002C3A09 /* 字典转模型01 */,
				877C5DF01AA5D03A002C3A09 /* 字典转模型01Tests */,
			);
		};
/* End PBXProject section */

/* Begin PBXResourcesBuildPhase section */
		877C5DDA1AA5D03A002C3A09 /* Resources */ = {
			isa = PBXResourcesBuildPhase;
			buildActionMask = 2147483647;
			files = (
				877C5DE71AA5D03A002C3A09 /* Main.storyboard in Resources */,
				877C5DEC1AA5D03A002C3A09 /* LaunchScreen.xib in Resources */,
				875047901AA613A500BDC50A /* Model01.json in Resources */,
				877C5DE91AA5D03A002C3A09 /* Images.xcassets in Resources */,
			);
			runOnlyForDeploymentPostprocessing = 0;
		};
		877C5DEF1AA5D03A002C3A09 /* Resources */ = {
			isa = PBXResourcesBuildPhase;
			buildActionMask = 2147483647;
			files = (
			);
			runOnlyForDeploymentPostprocessing = 0;
		};
/* End PBXResourcesBuildPhase section */

/* Begin PBXSourcesBuildPhase section */
		877C5DD81AA5D03A002C3A09 /* Sources */ = {
			isa = PBXSourcesBuildPhase;
			buildActionMask = 2147483647;
			files = (
				877C5E021AA5D050002C3A09 /* Model.swift in Sources */,
				877C5DE41AA5D03A002C3A09 /* ViewController.swift in Sources */,
				875047921AA617E700BDC50A /* Dict2Model.swift in Sources */,
				877C5DE21AA5D03A002C3A09 /* AppDelegate.swift in Sources */,
			);
			runOnlyForDeploymentPostprocessing = 0;
		};
		877C5DED1AA5D03A002C3A09 /* Sources */ = {
			isa = PBXSourcesBuildPhase;
			buildActionMask = 2147483647;
			files = (
				877C5DF81AA5D03A002C3A09 /* _____01Tests.swift in Sources */,
			);
			runOnlyForDeploymentPostprocessing = 0;
		};
/* End PBXSourcesBuildPhase section */

/* Begin PBXTargetDependency section */
		877C5DF31AA5D03A002C3A09 /* PBXTargetDependency */ = {
			isa = PBXTargetDependency;
			target = 877C5DDB1AA5D03A002C3A09 /* 字典转模型01 */;
			targetProxy = 877C5DF21AA5D03A002C3A09 /* PBXContainerItemProxy */;
		};
/* End PBXTargetDependency section */

/* Begin PBXVariantGroup section */
		877C5DE51AA5D03A002C3A09 /* Main.storyboard */ = {
			isa = PBXVariantGroup;
			children = (
				877C5DE61AA5D03A002C3A09 /* Base */,
			);
			name = Main.storyboard;
			sourceTree = "<group>";
		};
		877C5DEA1AA5D03A002C3A09 /* LaunchScreen.xib */ = {
			isa = PBXVariantGroup;
			children = (
				877C5DEB1AA5D03A002C3A09 /* Base */,
			);
			name = LaunchScreen.xib;
			sourceTree = "<group>";
		};
/* End PBXVariantGroup section */

/* Begin XCBuildConfiguration section */
		877C5DF91AA5D03A002C3A09 /* Debug */ = {
			isa = XCBuildConfiguration;
			buildSettings = {
				ALWAYS_SEARCH_USER_PATHS = NO;
				CLANG_CXX_LANGUAGE_STANDARD = "gnu++0x";
				CLANG_CXX_LIBRARY = "libc++";
				CLANG_ENABLE_MODULES = YES;
				CLANG_ENABLE_OBJC_ARC = YES;
				CLANG_WARN_BOOL_CONVERSION = YES;
				CLANG_WARN_CONSTANT_CONVERSION = YES;
				CLANG_WARN_DIRECT_OBJC_ISA_USAGE = YES_ERROR;
				CLANG_WARN_EMPTY_BODY = YES;
				CLANG_WARN_ENUM_CONVERSION = YES;
				CLANG_WARN_INT_CONVERSION = YES;
				CLANG_WARN_OBJC_ROOT_CLASS = YES_ERROR;
				CLANG_WARN_UNREACHABLE_CODE = YES;
				CLANG_WARN__DUPLICATE_METHOD_MATCH = YES;
				"CODE_SIGN_IDENTITY[sdk=iphoneos*]" = "iPhone Developer";
				COPY_PHASE_STRIP = NO;
				DEBUG_INFORMATION_FORMAT = dwarf;
				ENABLE_STRICT_OBJC_MSGSEND = YES;
				GCC_C_LANGUAGE_STANDARD = gnu99;
				GCC_DYNAMIC_NO_PIC = NO;
				GCC_NO_COMMON_BLOCKS = YES;
				GCC_OPTIMIZATION_LEVEL = 0;
				GCC_PREPROCESSOR_DEFINITIONS = (
					"DEBUG=1",
					"$(inherited)",
				);
				GCC_SYMBOLS_PRIVATE_EXTERN = NO;
				GCC_WARN_64_TO_32_BIT_CONVERSION = YES;
				GCC_WARN_ABOUT_RETURN_TYPE = YES_ERROR;
				GCC_WARN_UNDECLARED_SELECTOR = YES;
				GCC_WARN_UNINITIALIZED_AUTOS = YES_AGGRESSIVE;
				GCC_WARN_UNUSED_FUNCTION = YES;
				GCC_WARN_UNUSED_VARIABLE = YES;
				IPHONEOS_DEPLOYMENT_TARGET = 8.3;
				MTL_ENABLE_DEBUG_INFO = YES;
				ONLY_ACTIVE_ARCH = YES;
				SDKROOT = iphoneos;
				SWIFT_OPTIMIZATION_LEVEL = "-Onone";
			};
			name = Debug;
		};
		877C5DFA1AA5D03A002C3A09 /* Release */ = {
			isa = XCBuildConfiguration;
			buildSettings = {
				ALWAYS_SEARCH_USER_PATHS = NO;
				CLANG_CXX_LANGUAGE_STANDARD = "gnu++0x";
				CLANG_CXX_LIBRARY = "libc++";
				CLANG_ENABLE_MODULES = YES;
				CLANG_ENABLE_OBJC_ARC = YES;
				CLANG_WARN_BOOL_CONVERSION = YES;
				CLANG_WARN_CONSTANT_CONVERSION = YES;
				CLANG_WARN_DIRECT_OBJC_ISA_USAGE = YES_ERROR;
				CLANG_WARN_EMPTY_BODY = YES;
				CLANG_WARN_ENUM_CONVERSION = YES;
				CLANG_WARN_INT_CONVERSION = YES;
				CLANG_WARN_OBJC_ROOT_CLASS = YES_ERROR;
				CLANG_WARN_UNREACHABLE_CODE = YES;
				CLANG_WARN__DUPLICATE_METHOD_MATCH = YES;
				"CODE_SIGN_IDENTITY[sdk=iphoneos*]" = "iPhone Developer";
				COPY_PHASE_STRIP = NO;
				DEBUG_INFORMATION_FORMAT = "dwarf-with-dsym";
				ENABLE_NS_ASSERTIONS = NO;
				ENABLE_STRICT_OBJC_MSGSEND = YES;
				GCC_C_LANGUAGE_STANDARD = gnu99;
				GCC_NO_COMMON_BLOCKS = YES;
				GCC_WARN_64_TO_32_BIT_CONVERSION = YES;
				GCC_WARN_ABOUT_RETURN_TYPE = YES_ERROR;
				GCC_WARN_UNDECLARED_SELECTOR = YES;
				GCC_WARN_UNINITIALIZED_AUTOS = YES_AGGRESSIVE;
				GCC_WARN_UNUSED_FUNCTION = YES;
				GCC_WARN_UNUSED_VARIABLE = YES;
				IPHONEOS_DEPLOYMENT_TARGET = 8.3;
				MTL_ENABLE_DEBUG_INFO = NO;
				SDKROOT = iphoneos;
				VALIDATE_PRODUCT = YES;
			};
			name = Release;
		};
		877C5DFC1AA5D03A002C3A09 /* Debug */ = {
			isa = XCBuildConfiguration;
			buildSettings = {
				ASSETCATALOG_COMPILER_APPICON_NAME = AppIcon;
				INFOPLIST_FILE = "字典转模型01/Info.plist";
				LD_RUNPATH_SEARCH_PATHS = "$(inherited) @executable_path/Frameworks";
				PRODUCT_NAME = "$(TARGET_NAME)";
			};
			name = Debug;
		};
		877C5DFD1AA5D03A002C3A09 /* Release */ = {
			isa = XCBuildConfiguration;
			buildSettings = {
				ASSETCATALOG_COMPILER_APPICON_NAME = AppIcon;
				INFOPLIST_FILE = "字典转模型01/Info.plist";
				LD_RUNPATH_SEARCH_PATHS = "$(inherited) @executable_path/Frameworks";
				PRODUCT_NAME = "$(TARGET_NAME)";
			};
			name = Release;
		};
		877C5DFF1AA5D03A002C3A09 /* Debug */ = {
			isa = XCBuildConfiguration;
			buildSettings = {
				BUNDLE_LOADER = "$(TEST_HOST)";
				FRAMEWORK_SEARCH_PATHS = (
					"$(SDKROOT)/Developer/Library/Frameworks",
					"$(inherited)",
				);
				GCC_PREPROCESSOR_DEFINITIONS = (
					"DEBUG=1",
					"$(inherited)",
				);
				INFOPLIST_FILE = "字典转模型01Tests/Info.plist";
				LD_RUNPATH_SEARCH_PATHS = "$(inherited) @executable_path/Frameworks @loader_path/Frameworks";
				PRODUCT_NAME = "$(TARGET_NAME)";
				TEST_HOST = "$(BUILT_PRODUCTS_DIR)/字典转模型01.app/字典转模型01";
			};
			name = Debug;
		};
		877C5E001AA5D03A002C3A09 /* Release */ = {
			isa = XCBuildConfiguration;
			buildSettings = {
				BUNDLE_LOADER = "$(TEST_HOST)";
				FRAMEWORK_SEARCH_PATHS = (
					"$(SDKROOT)/Developer/Library/Frameworks",
					"$(inherited)",
				);
				INFOPLIST_FILE = "字典转模型01Tests/Info.plist";
				LD_RUNPATH_SEARCH_PATHS = "$(inherited) @executable_path/Frameworks @loader_path/Frameworks";
				PRODUCT_NAME = "$(TARGET_NAME)";
				TEST_HOST = "$(BUILT_PRODUCTS_DIR)/字典转模型01.app/字典转模型01";
			};
			name = Release;
		};
/* End XCBuildConfiguration section */

/* Begin XCConfigurationList section */
		877C5DD71AA5D03A002C3A09 /* Build configuration list for PBXProject "字典转模型01" */ = {
			isa = XCConfigurationList;
			buildConfigurations = (
				877C5DF91AA5D03A002C3A09 /* Debug */,
				877C5DFA1AA5D03A002C3A09 /* Release */,
			);
			defaultConfigurationIsVisible = 0;
			defaultConfigurationName = Release;
		};
		877C5DFB1AA5D03A002C3A09 /* Build configuration list for PBXNativeTarget "字典转模型01" */ = {
			isa = XCConfigurationList;
			buildConfigurations = (
				877C5DFC1AA5D03A002C3A09 /* Debug */,
				877C5DFD1AA5D03A002C3A09 /* Release */,
			);
			defaultConfigurationIsVisible = 0;
			defaultConfigurationName = Release;
		};
		877C5DFE1AA5D03A002C3A09 /* Build configuration list for PBXNativeTarget "字典转模型01Tests" */ = {
			isa = XCConfigurationList;
			buildConfigurations = (
				877C5DFF1AA5D03A002C3A09 /* Debug */,
				877C5E001AA5D03A002C3A09 /* Release */,
			);
			defaultConfigurationIsVisible = 0;
			defaultConfigurationName = Release;
		};
/* End XCConfigurationList section */
	};
	rootObject = 877C5DD41AA5D03A002C3A09 /* Project object */;
}
